// !$*UTF8*$!
{
	archiveVersion = 1;
	classes = {
	};
	objectVersion = 55;
	objects = {

/* Begin PBXBuildFile section */
		D014D8C327DBDD1800642A7E /* MockDataService.swift in Sources */ = {isa = PBXBuildFile; fileRef = D014D8C227DBDD1800642A7E /* MockDataService.swift */; };
		D014D8C527DBDDB600642A7E /* CategoryListViewModelTests.swift in Sources */ = {isa = PBXBuildFile; fileRef = D014D8C427DBDDB600642A7E /* CategoryListViewModelTests.swift */; };
		D014D8CC27DC0D5B00642A7E /* TriviaViewModel.swift in Sources */ = {isa = PBXBuildFile; fileRef = D014D8CB27DC0D5B00642A7E /* TriviaViewModel.swift */; };
		D014D8D227DD266200642A7E /* AnswerRow.swift in Sources */ = {isa = PBXBuildFile; fileRef = D014D8D127DD266200642A7E /* AnswerRow.swift */; };
		D014D8D527DD273900642A7E /* ProgressBar.swift in Sources */ = {isa = PBXBuildFile; fileRef = D014D8D427DD273900642A7E /* ProgressBar.swift */; };
		D014D8D827DD290400642A7E /* ResultsView.swift in Sources */ = {isa = PBXBuildFile; fileRef = D014D8D727DD290400642A7E /* ResultsView.swift */; };
		D014D8DA27DD2AA500642A7E /* Answer.swift in Sources */ = {isa = PBXBuildFile; fileRef = D014D8D927DD2AA500642A7E /* Answer.swift */; };
		D024740027DAC0F300D663A4 /* KTriviaTests.swift in Sources */ = {isa = PBXBuildFile; fileRef = D02473FF27DAC0F300D663A4 /* KTriviaTests.swift */; };
		D024740127DAC4E500D663A4 /* KTriviaApp.swift in Sources */ = {isa = PBXBuildFile; fileRef = D0A8839327D8176200A18714 /* KTriviaApp.swift */; };
		D024740C27DADC7000D663A4 /* Title.swift in Sources */ = {isa = PBXBuildFile; fileRef = D024740B27DADC7000D663A4 /* Title.swift */; };
		D024740E27DAE42400D663A4 /* MultipleChoiceView.swift in Sources */ = {isa = PBXBuildFile; fileRef = D024740D27DAE42400D663A4 /* MultipleChoiceView.swift */; };
		D03D6A7427E1911A0076C2A2 /* RootPresentationMode.swift in Sources */ = {isa = PBXBuildFile; fileRef = D03D6A7327E1911A0076C2A2 /* RootPresentationMode.swift */; };
		D03D6A7627E278A00076C2A2 /* FirebaseDatabase in Frameworks */ = {isa = PBXBuildFile; productRef = D03D6A7527E278A00076C2A2 /* FirebaseDatabase */; };
		D03D6A7A27E27E1B0076C2A2 /* LoginView.swift in Sources */ = {isa = PBXBuildFile; fileRef = D03D6A7927E27E1B0076C2A2 /* LoginView.swift */; };
		D03D6A8427E27F900076C2A2 /* InputTextFieldView.swift in Sources */ = {isa = PBXBuildFile; fileRef = D03D6A8327E27F900076C2A2 /* InputTextFieldView.swift */; };
		D03D6A8627E2827C0076C2A2 /* InputPasswordView.swift in Sources */ = {isa = PBXBuildFile; fileRef = D03D6A8527E2827C0076C2A2 /* InputPasswordView.swift */; };
		D03D6A8827E285AF0076C2A2 /* ButtonView.swift in Sources */ = {isa = PBXBuildFile; fileRef = D03D6A8727E285AF0076C2A2 /* ButtonView.swift */; };
		D03D6A8B27E2B6160076C2A2 /* RegisterView.swift in Sources */ = {isa = PBXBuildFile; fileRef = D03D6A8A27E2B6160076C2A2 /* RegisterView.swift */; };
		D03D6A8D27E2B8A90076C2A2 /* CloseModifier.swift in Sources */ = {isa = PBXBuildFile; fileRef = D03D6A8C27E2B8A90076C2A2 /* CloseModifier.swift */; };
		D03D6A9027E2C3590076C2A2 /* RegistrationDetails.swift in Sources */ = {isa = PBXBuildFile; fileRef = D03D6A8F27E2C3590076C2A2 /* RegistrationDetails.swift */; };
		D03D6A9327E2C3DF0076C2A2 /* RegistrationService.swift in Sources */ = {isa = PBXBuildFile; fileRef = D03D6A9227E2C3DE0076C2A2 /* RegistrationService.swift */; };
		D03D6A9627E3F4D80076C2A2 /* RegistrationViewModel.swift in Sources */ = {isa = PBXBuildFile; fileRef = D03D6A9527E3F4D80076C2A2 /* RegistrationViewModel.swift */; };
		D03D6A9827E40D800076C2A2 /* SessionUserDetails.swift in Sources */ = {isa = PBXBuildFile; fileRef = D03D6A9727E40D800076C2A2 /* SessionUserDetails.swift */; };
		D03D6A9A27E40DDC0076C2A2 /* SessionService.swift in Sources */ = {isa = PBXBuildFile; fileRef = D03D6A9927E40DDC0076C2A2 /* SessionService.swift */; };
		D03D6A9C2800EC510076C2A2 /* CategoryHeaderView.swift in Sources */ = {isa = PBXBuildFile; fileRef = D03D6A9B2800EC510076C2A2 /* CategoryHeaderView.swift */; };
		D03D6A9F2801E4450076C2A2 /* SignoutScreen.swift in Sources */ = {isa = PBXBuildFile; fileRef = D03D6A9E2801E4450076C2A2 /* SignoutScreen.swift */; };
		D03D6AA12801E9260076C2A2 /* LoginCredentials.swift in Sources */ = {isa = PBXBuildFile; fileRef = D03D6AA02801E9260076C2A2 /* LoginCredentials.swift */; };
		D03D6AA32801E9770076C2A2 /* LoginService.swift in Sources */ = {isa = PBXBuildFile; fileRef = D03D6AA22801E9770076C2A2 /* LoginService.swift */; };
		D03D6AA52801EB3E0076C2A2 /* LoginViewModel.swift in Sources */ = {isa = PBXBuildFile; fileRef = D03D6AA42801EB3E0076C2A2 /* LoginViewModel.swift */; };
		D09762E9280B84DF00426F75 /* SDWebImageSwiftUI in Frameworks */ = {isa = PBXBuildFile; productRef = D09762E8280B84DF00426F75 /* SDWebImageSwiftUI */; };
		D09762EC280D13E400426F75 /* ProfilePictureView.swift in Sources */ = {isa = PBXBuildFile; fileRef = D09762EB280D13E400426F75 /* ProfilePictureView.swift */; };
		D09762EE280DF1A900426F75 /* GameService.swift in Sources */ = {isa = PBXBuildFile; fileRef = D09762ED280DF1A900426F75 /* GameService.swift */; };
		D09762F2280F770A00426F75 /* FortuneWheel in Frameworks */ = {isa = PBXBuildFile; productRef = D09762F1280F770A00426F75 /* FortuneWheel */; };
		D09762F7280F78A000426F75 /* SpinWheelView.swift in Sources */ = {isa = PBXBuildFile; fileRef = D09762F6280F78A000426F75 /* SpinWheelView.swift */; };
		D09762F9280F924F00426F75 /* SpinWheelViewModel.swift in Sources */ = {isa = PBXBuildFile; fileRef = D09762F8280F924F00426F75 /* SpinWheelViewModel.swift */; };
		D09762FB280FC7E600426F75 /* ScreenshotQuestionView.swift in Sources */ = {isa = PBXBuildFile; fileRef = D09762FA280FC7E500426F75 /* ScreenshotQuestionView.swift */; };
		D09762FD280FC7F300426F75 /* SongView.swift in Sources */ = {isa = PBXBuildFile; fileRef = D09762FC280FC7F300426F75 /* SongView.swift */; };
		D09762FF280FC80A00426F75 /* LyricsView.swift in Sources */ = {isa = PBXBuildFile; fileRef = D09762FE280FC80A00426F75 /* LyricsView.swift */; };
		D09763012810983400426F75 /* ScreenshotView.swift in Sources */ = {isa = PBXBuildFile; fileRef = D09763002810983400426F75 /* ScreenshotView.swift */; };
		D0A3C1C1280A63680067A4D0 /* LaunchScreen.storyboard in Resources */ = {isa = PBXBuildFile; fileRef = D0A3C1C0280A63680067A4D0 /* LaunchScreen.storyboard */; };
		D0A8839827D8176300A18714 /* Assets.xcassets in Resources */ = {isa = PBXBuildFile; fileRef = D0A8839727D8176300A18714 /* Assets.xcassets */; };
		D0A8839B27D8176300A18714 /* Preview Assets.xcassets in Resources */ = {isa = PBXBuildFile; fileRef = D0A8839A27D8176300A18714 /* Preview Assets.xcassets */; };
		D0A883A227D8179400A18714 /* CategoryListView.swift in Sources */ = {isa = PBXBuildFile; fileRef = D0A883A127D8179400A18714 /* CategoryListView.swift */; };
		D0A883A627D817C700A18714 /* CategoryListViewModel.swift in Sources */ = {isa = PBXBuildFile; fileRef = D0A883A527D817C700A18714 /* CategoryListViewModel.swift */; };
		D0A883A827D8231400A18714 /* DataService.swift in Sources */ = {isa = PBXBuildFile; fileRef = D0A883A727D8231400A18714 /* DataService.swift */; };
		D0A883AD27D8304E00A18714 /* GoogleService-Info.plist in Resources */ = {isa = PBXBuildFile; fileRef = D0A883AC27D8304E00A18714 /* GoogleService-Info.plist */; };
		D0A883B227D8318200A18714 /* FirebaseAuth in Frameworks */ = {isa = PBXBuildFile; productRef = D0A883B127D8318200A18714 /* FirebaseAuth */; };
		D0A883B427D8318200A18714 /* FirebaseFirestore in Frameworks */ = {isa = PBXBuildFile; productRef = D0A883B327D8318200A18714 /* FirebaseFirestore */; };
		D0A883B827D886F400A18714 /* Trivia.swift in Sources */ = {isa = PBXBuildFile; fileRef = D0A883B727D886F400A18714 /* Trivia.swift */; };
		D0BEF62328051527000125C7 /* Game.swift in Sources */ = {isa = PBXBuildFile; fileRef = D0BEF62228051527000125C7 /* Game.swift */; };
		D0BEF62528051899000125C7 /* User.swift in Sources */ = {isa = PBXBuildFile; fileRef = D0BEF62428051899000125C7 /* User.swift */; };
		D0BEF62828064C88000125C7 /* FirebaseReference.swift in Sources */ = {isa = PBXBuildFile; fileRef = D0BEF62728064C88000125C7 /* FirebaseReference.swift */; };
		D0C6222D280B451D00976CAF /* Color+Extension.swift in Sources */ = {isa = PBXBuildFile; fileRef = D0C6222C280B451D00976CAF /* Color+Extension.swift */; };
		D0C6222F280B4E8600976CAF /* ImagePicker.swift in Sources */ = {isa = PBXBuildFile; fileRef = D0C6222E280B4E8600976CAF /* ImagePicker.swift */; };
		D0C62231280B691200976CAF /* FirebaseStorage in Frameworks */ = {isa = PBXBuildFile; productRef = D0C62230280B691200976CAF /* FirebaseStorage */; };
		D0DE9D9627D97DBA006D8279 /* FirebaseFirestoreSwift-Beta in Frameworks */ = {isa = PBXBuildFile; productRef = D0DE9D9527D97DBA006D8279 /* FirebaseFirestoreSwift-Beta */; };
		D0DE9D9827D9D01D006D8279 /* Array+Extensions.swift in Sources */ = {isa = PBXBuildFile; fileRef = D0DE9D9727D9D01D006D8279 /* Array+Extensions.swift */; };
/* End PBXBuildFile section */

/* Begin PBXContainerItemProxy section */
		D02473F827DABD8F00D663A4 /* PBXContainerItemProxy */ = {
			isa = PBXContainerItemProxy;
			containerPortal = D0A8838827D8176200A18714 /* Project object */;
			proxyType = 1;
			remoteGlobalIDString = D0A8838F27D8176200A18714;
			remoteInfo = KTrivia;
		};
/* End PBXContainerItemProxy section */

/* Begin PBXFileReference section */
		D014D8C227DBDD1800642A7E /* MockDataService.swift */ = {isa = PBXFileReference; lastKnownFileType = sourcecode.swift; path = MockDataService.swift; sourceTree = "<group>"; };
		D014D8C427DBDDB600642A7E /* CategoryListViewModelTests.swift */ = {isa = PBXFileReference; lastKnownFileType = sourcecode.swift; path = CategoryListViewModelTests.swift; sourceTree = "<group>"; };
		D014D8CB27DC0D5B00642A7E /* TriviaViewModel.swift */ = {isa = PBXFileReference; lastKnownFileType = sourcecode.swift; path = TriviaViewModel.swift; sourceTree = "<group>"; };
		D014D8D127DD266200642A7E /* AnswerRow.swift */ = {isa = PBXFileReference; lastKnownFileType = sourcecode.swift; path = AnswerRow.swift; sourceTree = "<group>"; };
		D014D8D427DD273900642A7E /* ProgressBar.swift */ = {isa = PBXFileReference; lastKnownFileType = sourcecode.swift; path = ProgressBar.swift; sourceTree = "<group>"; };
		D014D8D727DD290400642A7E /* ResultsView.swift */ = {isa = PBXFileReference; lastKnownFileType = sourcecode.swift; path = ResultsView.swift; sourceTree = "<group>"; };
		D014D8D927DD2AA500642A7E /* Answer.swift */ = {isa = PBXFileReference; lastKnownFileType = sourcecode.swift; path = Answer.swift; sourceTree = "<group>"; };
		D02473F427DABD8F00D663A4 /* KTriviaTests.xctest */ = {isa = PBXFileReference; explicitFileType = wrapper.cfbundle; includeInIndex = 0; path = KTriviaTests.xctest; sourceTree = BUILT_PRODUCTS_DIR; };
		D02473FE27DAC0F300D663A4 /* KTriviaTests-Bridging-Header.h */ = {isa = PBXFileReference; lastKnownFileType = sourcecode.c.h; path = "KTriviaTests-Bridging-Header.h"; sourceTree = "<group>"; };
		D02473FF27DAC0F300D663A4 /* KTriviaTests.swift */ = {isa = PBXFileReference; lastKnownFileType = sourcecode.swift; path = KTriviaTests.swift; sourceTree = "<group>"; };
		D024740B27DADC7000D663A4 /* Title.swift */ = {isa = PBXFileReference; lastKnownFileType = sourcecode.swift; path = Title.swift; sourceTree = "<group>"; };
		D024740D27DAE42400D663A4 /* MultipleChoiceView.swift */ = {isa = PBXFileReference; lastKnownFileType = sourcecode.swift; path = MultipleChoiceView.swift; sourceTree = "<group>"; };
		D03D6A7327E1911A0076C2A2 /* RootPresentationMode.swift */ = {isa = PBXFileReference; lastKnownFileType = sourcecode.swift; path = RootPresentationMode.swift; sourceTree = "<group>"; };
		D03D6A7927E27E1B0076C2A2 /* LoginView.swift */ = {isa = PBXFileReference; lastKnownFileType = sourcecode.swift; path = LoginView.swift; sourceTree = "<group>"; };
		D03D6A8327E27F900076C2A2 /* InputTextFieldView.swift */ = {isa = PBXFileReference; lastKnownFileType = sourcecode.swift; path = InputTextFieldView.swift; sourceTree = "<group>"; };
		D03D6A8527E2827C0076C2A2 /* InputPasswordView.swift */ = {isa = PBXFileReference; lastKnownFileType = sourcecode.swift; path = InputPasswordView.swift; sourceTree = "<group>"; };
		D03D6A8727E285AF0076C2A2 /* ButtonView.swift */ = {isa = PBXFileReference; lastKnownFileType = sourcecode.swift; path = ButtonView.swift; sourceTree = "<group>"; };
		D03D6A8A27E2B6160076C2A2 /* RegisterView.swift */ = {isa = PBXFileReference; lastKnownFileType = sourcecode.swift; path = RegisterView.swift; sourceTree = "<group>"; };
		D03D6A8C27E2B8A90076C2A2 /* CloseModifier.swift */ = {isa = PBXFileReference; lastKnownFileType = sourcecode.swift; path = CloseModifier.swift; sourceTree = "<group>"; };
		D03D6A8F27E2C3590076C2A2 /* RegistrationDetails.swift */ = {isa = PBXFileReference; lastKnownFileType = sourcecode.swift; path = RegistrationDetails.swift; sourceTree = "<group>"; };
		D03D6A9227E2C3DE0076C2A2 /* RegistrationService.swift */ = {isa = PBXFileReference; lastKnownFileType = sourcecode.swift; path = RegistrationService.swift; sourceTree = "<group>"; };
		D03D6A9527E3F4D80076C2A2 /* RegistrationViewModel.swift */ = {isa = PBXFileReference; lastKnownFileType = sourcecode.swift; path = RegistrationViewModel.swift; sourceTree = "<group>"; };
		D03D6A9727E40D800076C2A2 /* SessionUserDetails.swift */ = {isa = PBXFileReference; lastKnownFileType = sourcecode.swift; path = SessionUserDetails.swift; sourceTree = "<group>"; };
		D03D6A9927E40DDC0076C2A2 /* SessionService.swift */ = {isa = PBXFileReference; lastKnownFileType = sourcecode.swift; path = SessionService.swift; sourceTree = "<group>"; };
		D03D6A9B2800EC510076C2A2 /* CategoryHeaderView.swift */ = {isa = PBXFileReference; lastKnownFileType = sourcecode.swift; path = CategoryHeaderView.swift; sourceTree = "<group>"; };
		D03D6A9E2801E4450076C2A2 /* SignoutScreen.swift */ = {isa = PBXFileReference; lastKnownFileType = sourcecode.swift; path = SignoutScreen.swift; sourceTree = "<group>"; };
		D03D6AA02801E9260076C2A2 /* LoginCredentials.swift */ = {isa = PBXFileReference; lastKnownFileType = sourcecode.swift; path = LoginCredentials.swift; sourceTree = "<group>"; };
		D03D6AA22801E9770076C2A2 /* LoginService.swift */ = {isa = PBXFileReference; lastKnownFileType = sourcecode.swift; path = LoginService.swift; sourceTree = "<group>"; };
		D03D6AA42801EB3E0076C2A2 /* LoginViewModel.swift */ = {isa = PBXFileReference; lastKnownFileType = sourcecode.swift; path = LoginViewModel.swift; sourceTree = "<group>"; };
		D09762EB280D13E400426F75 /* ProfilePictureView.swift */ = {isa = PBXFileReference; lastKnownFileType = sourcecode.swift; path = ProfilePictureView.swift; sourceTree = "<group>"; };
		D09762ED280DF1A900426F75 /* GameService.swift */ = {isa = PBXFileReference; lastKnownFileType = sourcecode.swift; path = GameService.swift; sourceTree = "<group>"; };
		D09762F6280F78A000426F75 /* SpinWheelView.swift */ = {isa = PBXFileReference; lastKnownFileType = sourcecode.swift; path = SpinWheelView.swift; sourceTree = "<group>"; };
		D09762F8280F924F00426F75 /* SpinWheelViewModel.swift */ = {isa = PBXFileReference; lastKnownFileType = sourcecode.swift; path = SpinWheelViewModel.swift; sourceTree = "<group>"; };
		D09762FA280FC7E500426F75 /* ScreenshotQuestionView.swift */ = {isa = PBXFileReference; lastKnownFileType = sourcecode.swift; path = ScreenshotQuestionView.swift; sourceTree = "<group>"; };
		D09762FC280FC7F300426F75 /* SongView.swift */ = {isa = PBXFileReference; lastKnownFileType = sourcecode.swift; path = SongView.swift; sourceTree = "<group>"; };
		D09762FE280FC80A00426F75 /* LyricsView.swift */ = {isa = PBXFileReference; lastKnownFileType = sourcecode.swift; path = LyricsView.swift; sourceTree = "<group>"; };
		D09763002810983400426F75 /* ScreenshotView.swift */ = {isa = PBXFileReference; lastKnownFileType = sourcecode.swift; path = ScreenshotView.swift; sourceTree = "<group>"; };
		D0A3C1C0280A63680067A4D0 /* LaunchScreen.storyboard */ = {isa = PBXFileReference; fileEncoding = 4; lastKnownFileType = file.storyboard; path = LaunchScreen.storyboard; sourceTree = "<group>"; };
		D0A8839027D8176200A18714 /* KTrivia.app */ = {isa = PBXFileReference; explicitFileType = wrapper.application; includeInIndex = 0; path = KTrivia.app; sourceTree = BUILT_PRODUCTS_DIR; };
		D0A8839327D8176200A18714 /* KTriviaApp.swift */ = {isa = PBXFileReference; lastKnownFileType = sourcecode.swift; path = KTriviaApp.swift; sourceTree = "<group>"; };
		D0A8839727D8176300A18714 /* Assets.xcassets */ = {isa = PBXFileReference; lastKnownFileType = folder.assetcatalog; path = Assets.xcassets; sourceTree = "<group>"; };
		D0A8839A27D8176300A18714 /* Preview Assets.xcassets */ = {isa = PBXFileReference; lastKnownFileType = folder.assetcatalog; path = "Preview Assets.xcassets"; sourceTree = "<group>"; };
		D0A883A127D8179400A18714 /* CategoryListView.swift */ = {isa = PBXFileReference; lastKnownFileType = sourcecode.swift; path = CategoryListView.swift; sourceTree = "<group>"; };
		D0A883A527D817C700A18714 /* CategoryListViewModel.swift */ = {isa = PBXFileReference; lastKnownFileType = sourcecode.swift; path = CategoryListViewModel.swift; sourceTree = "<group>"; };
		D0A883A727D8231400A18714 /* DataService.swift */ = {isa = PBXFileReference; lastKnownFileType = sourcecode.swift; path = DataService.swift; sourceTree = "<group>"; };
		D0A883AC27D8304E00A18714 /* GoogleService-Info.plist */ = {isa = PBXFileReference; fileEncoding = 4; lastKnownFileType = text.plist.xml; path = "GoogleService-Info.plist"; sourceTree = "<group>"; };
		D0A883B727D886F400A18714 /* Trivia.swift */ = {isa = PBXFileReference; lastKnownFileType = sourcecode.swift; path = Trivia.swift; sourceTree = "<group>"; };
		D0BEF62228051527000125C7 /* Game.swift */ = {isa = PBXFileReference; lastKnownFileType = sourcecode.swift; path = Game.swift; sourceTree = "<group>"; };
		D0BEF62428051899000125C7 /* User.swift */ = {isa = PBXFileReference; lastKnownFileType = sourcecode.swift; path = User.swift; sourceTree = "<group>"; };
		D0BEF62728064C88000125C7 /* FirebaseReference.swift */ = {isa = PBXFileReference; lastKnownFileType = sourcecode.swift; path = FirebaseReference.swift; sourceTree = "<group>"; };
		D0C6222C280B451D00976CAF /* Color+Extension.swift */ = {isa = PBXFileReference; lastKnownFileType = sourcecode.swift; path = "Color+Extension.swift"; sourceTree = "<group>"; };
		D0C6222E280B4E8600976CAF /* ImagePicker.swift */ = {isa = PBXFileReference; lastKnownFileType = sourcecode.swift; path = ImagePicker.swift; sourceTree = "<group>"; };
		D0DE9D9727D9D01D006D8279 /* Array+Extensions.swift */ = {isa = PBXFileReference; lastKnownFileType = sourcecode.swift; path = "Array+Extensions.swift"; sourceTree = "<group>"; };
/* End PBXFileReference section */

/* Begin PBXFrameworksBuildPhase section */
		D02473F127DABD8F00D663A4 /* Frameworks */ = {
			isa = PBXFrameworksBuildPhase;
			buildActionMask = 2147483647;
			files = (
			);
			runOnlyForDeploymentPostprocessing = 0;
		};
		D0A8838D27D8176200A18714 /* Frameworks */ = {
			isa = PBXFrameworksBuildPhase;
			buildActionMask = 2147483647;
			files = (
				D09762E9280B84DF00426F75 /* SDWebImageSwiftUI in Frameworks */,
				D0DE9D9627D97DBA006D8279 /* FirebaseFirestoreSwift-Beta in Frameworks */,
				D0A883B227D8318200A18714 /* FirebaseAuth in Frameworks */,
				D03D6A7627E278A00076C2A2 /* FirebaseDatabase in Frameworks */,
				D0C62231280B691200976CAF /* FirebaseStorage in Frameworks */,
				D0A883B427D8318200A18714 /* FirebaseFirestore in Frameworks */,
				D09762F2280F770A00426F75 /* FortuneWheel in Frameworks */,
			);
			runOnlyForDeploymentPostprocessing = 0;
		};
/* End PBXFrameworksBuildPhase section */

/* Begin PBXGroup section */
		D014D8C627DBEDEB00642A7E /* Data Model */ = {
			isa = PBXGroup;
			children = (
			);
			path = "Data Model";
			sourceTree = "<group>";
		};
		D014D8D627DD28F000642A7E /* View */ = {
			isa = PBXGroup;
			children = (
				D014D8D727DD290400642A7E /* ResultsView.swift */,
			);
			path = View;
			sourceTree = "<group>";
		};
		D02473F527DABD8F00D663A4 /* KTriviaTests */ = {
			isa = PBXGroup;
			children = (
				D014D8C627DBEDEB00642A7E /* Data Model */,
				D02473FF27DAC0F300D663A4 /* KTriviaTests.swift */,
				D02473FE27DAC0F300D663A4 /* KTriviaTests-Bridging-Header.h */,
				D014D8C227DBDD1800642A7E /* MockDataService.swift */,
				D014D8C427DBDDB600642A7E /* CategoryListViewModelTests.swift */,
			);
			path = KTriviaTests;
			sourceTree = "<group>";
		};
		D024740227DAC5BE00D663A4 /* Services */ = {
			isa = PBXGroup;
			children = (
				D0A883A727D8231400A18714 /* DataService.swift */,
				D03D6A9227E2C3DE0076C2A2 /* RegistrationService.swift */,
				D03D6A9927E40DDC0076C2A2 /* SessionService.swift */,
				D03D6AA22801E9770076C2A2 /* LoginService.swift */,
				D09762ED280DF1A900426F75 /* GameService.swift */,
			);
			path = Services;
			sourceTree = "<group>";
		};
		D024740327DAC5CC00D663A4 /* Resources */ = {
			isa = PBXGroup;
			children = (
				D0A3C1C0280A63680067A4D0 /* LaunchScreen.storyboard */,
				D0A8839327D8176200A18714 /* KTriviaApp.swift */,
				D0A8839727D8176300A18714 /* Assets.xcassets */,
				D0A883AC27D8304E00A18714 /* GoogleService-Info.plist */,
			);
			path = Resources;
			sourceTree = "<group>";
		};
		D024740427DAC5E900D663A4 /* Extensions */ = {
			isa = PBXGroup;
			children = (
				D0DE9D9727D9D01D006D8279 /* Array+Extensions.swift */,
				D0C6222C280B451D00976CAF /* Color+Extension.swift */,
			);
			path = Extensions;
			sourceTree = "<group>";
		};
		D024740527DAD48800D663A4 /* Components */ = {
			isa = PBXGroup;
			children = (
				D03D6A8527E2827C0076C2A2 /* InputPasswordView.swift */,
				D024740B27DADC7000D663A4 /* Title.swift */,
				D03D6A7327E1911A0076C2A2 /* RootPresentationMode.swift */,
				D03D6A8327E27F900076C2A2 /* InputTextFieldView.swift */,
				D03D6A8727E285AF0076C2A2 /* ButtonView.swift */,
				D03D6A8C27E2B8A90076C2A2 /* CloseModifier.swift */,
				D0C6222E280B4E8600976CAF /* ImagePicker.swift */,
				D09762EB280D13E400426F75 /* ProfilePictureView.swift */,
				D09763002810983400426F75 /* ScreenshotView.swift */,
			);
			path = Components;
			sourceTree = "<group>";
		};
		D03D6A7727E27DB90076C2A2 /* Authentication */ = {
			isa = PBXGroup;
			children = (
				D03D6A9427E3F4BF0076C2A2 /* ViewModel */,
				D03D6A8E27E2C3440076C2A2 /* Model */,
				D03D6A8927E2B6050076C2A2 /* View */,
			);
			path = Authentication;
			sourceTree = "<group>";
		};
		D03D6A7B27E27EA80076C2A2 /* Categories */ = {
			isa = PBXGroup;
			children = (
				D03D6A7F27E27ECF0076C2A2 /* ViewModel */,
				D03D6A7E27E27EC90076C2A2 /* View */,
			);
			path = Categories;
			sourceTree = "<group>";
		};
		D03D6A7C27E27EB60076C2A2 /* TriviaGame */ = {
			isa = PBXGroup;
			children = (
				D03D6A8227E27EFB0076C2A2 /* ViewModel */,
				D03D6A8127E27EF60076C2A2 /* View */,
				D03D6A8027E27EF10076C2A2 /* Model */,
			);
			path = TriviaGame;
			sourceTree = "<group>";
		};
		D03D6A7E27E27EC90076C2A2 /* View */ = {
			isa = PBXGroup;
			children = (
				D0A883A127D8179400A18714 /* CategoryListView.swift */,
				D03D6A9B2800EC510076C2A2 /* CategoryHeaderView.swift */,
			);
			path = View;
			sourceTree = "<group>";
		};
		D03D6A7F27E27ECF0076C2A2 /* ViewModel */ = {
			isa = PBXGroup;
			children = (
				D0A883A527D817C700A18714 /* CategoryListViewModel.swift */,
			);
			path = ViewModel;
			sourceTree = "<group>";
		};
		D03D6A8027E27EF10076C2A2 /* Model */ = {
			isa = PBXGroup;
			children = (
				D0A883B727D886F400A18714 /* Trivia.swift */,
				D014D8D927DD2AA500642A7E /* Answer.swift */,
				D0BEF62228051527000125C7 /* Game.swift */,
				D0BEF62428051899000125C7 /* User.swift */,
			);
			path = Model;
			sourceTree = "<group>";
		};
		D03D6A8127E27EF60076C2A2 /* View */ = {
			isa = PBXGroup;
			children = (
				D024740D27DAE42400D663A4 /* MultipleChoiceView.swift */,
				D014D8D127DD266200642A7E /* AnswerRow.swift */,
				D014D8D427DD273900642A7E /* ProgressBar.swift */,
				D09762FA280FC7E500426F75 /* ScreenshotQuestionView.swift */,
				D09762FC280FC7F300426F75 /* SongView.swift */,
				D09762FE280FC80A00426F75 /* LyricsView.swift */,
			);
			path = View;
			sourceTree = "<group>";
		};
		D03D6A8227E27EFB0076C2A2 /* ViewModel */ = {
			isa = PBXGroup;
			children = (
				D014D8CB27DC0D5B00642A7E /* TriviaViewModel.swift */,
			);
			path = ViewModel;
			sourceTree = "<group>";
		};
		D03D6A8927E2B6050076C2A2 /* View */ = {
			isa = PBXGroup;
			children = (
				D03D6A7927E27E1B0076C2A2 /* LoginView.swift */,
				D03D6A8A27E2B6160076C2A2 /* RegisterView.swift */,
			);
			path = View;
			sourceTree = "<group>";
		};
		D03D6A8E27E2C3440076C2A2 /* Model */ = {
			isa = PBXGroup;
			children = (
				D03D6A8F27E2C3590076C2A2 /* RegistrationDetails.swift */,
				D03D6A9727E40D800076C2A2 /* SessionUserDetails.swift */,
				D03D6AA02801E9260076C2A2 /* LoginCredentials.swift */,
			);
			path = Model;
			sourceTree = "<group>";
		};
		D03D6A9427E3F4BF0076C2A2 /* ViewModel */ = {
			isa = PBXGroup;
			children = (
				D03D6A9527E3F4D80076C2A2 /* RegistrationViewModel.swift */,
				D03D6AA42801EB3E0076C2A2 /* LoginViewModel.swift */,
			);
			path = ViewModel;
			sourceTree = "<group>";
		};
		D03D6A9D2801E4320076C2A2 /* Settings */ = {
			isa = PBXGroup;
			children = (
				D03D6A9E2801E4450076C2A2 /* SignoutScreen.swift */,
			);
			path = Settings;
			sourceTree = "<group>";
		};
		D09762EF280F72EB00426F75 /* SpinWheel */ = {
			isa = PBXGroup;
			children = (
				D09762F5280F779600426F75 /* View */,
				D09762F4280F778D00426F75 /* ViewModel */,
				D09762F3280F778100426F75 /* Model */,
			);
			path = SpinWheel;
			sourceTree = "<group>";
		};
		D09762F3280F778100426F75 /* Model */ = {
			isa = PBXGroup;
			children = (
			);
			path = Model;
			sourceTree = "<group>";
		};
		D09762F4280F778D00426F75 /* ViewModel */ = {
			isa = PBXGroup;
			children = (
				D09762F8280F924F00426F75 /* SpinWheelViewModel.swift */,
			);
			path = ViewModel;
			sourceTree = "<group>";
		};
		D09762F5280F779600426F75 /* View */ = {
			isa = PBXGroup;
			children = (
				D09762F6280F78A000426F75 /* SpinWheelView.swift */,
			);
			path = View;
			sourceTree = "<group>";
		};
		D0A8838727D8176200A18714 = {
			isa = PBXGroup;
			children = (
				D0A8839227D8176200A18714 /* KTrivia */,
				D02473F527DABD8F00D663A4 /* KTriviaTests */,
				D0A8839127D8176200A18714 /* Products */,
				D0DE9D9427D97DBA006D8279 /* Frameworks */,
			);
			sourceTree = "<group>";
		};
		D0A8839127D8176200A18714 /* Products */ = {
			isa = PBXGroup;
			children = (
				D0A8839027D8176200A18714 /* KTrivia.app */,
				D02473F427DABD8F00D663A4 /* KTriviaTests.xctest */,
			);
			name = Products;
			sourceTree = "<group>";
		};
		D0A8839227D8176200A18714 /* KTrivia */ = {
			isa = PBXGroup;
			children = (
				D09762EF280F72EB00426F75 /* SpinWheel */,
				D0BEF62628064C7B000125C7 /* Helpers */,
				D03D6A9D2801E4320076C2A2 /* Settings */,
				D03D6A7C27E27EB60076C2A2 /* TriviaGame */,
				D03D6A7B27E27EA80076C2A2 /* Categories */,
				D03D6A7727E27DB90076C2A2 /* Authentication */,
				D0A883A327D8179700A18714 /* Results */,
				D024740527DAD48800D663A4 /* Components */,
				D024740427DAC5E900D663A4 /* Extensions */,
				D024740327DAC5CC00D663A4 /* Resources */,
				D024740227DAC5BE00D663A4 /* Services */,
				D0A8839927D8176300A18714 /* Preview Content */,
			);
			path = KTrivia;
			sourceTree = "<group>";
		};
		D0A8839927D8176300A18714 /* Preview Content */ = {
			isa = PBXGroup;
			children = (
				D0A8839A27D8176300A18714 /* Preview Assets.xcassets */,
			);
			path = "Preview Content";
			sourceTree = "<group>";
		};
		D0A883A327D8179700A18714 /* Results */ = {
			isa = PBXGroup;
			children = (
				D014D8D627DD28F000642A7E /* View */,
			);
			path = Results;
			sourceTree = "<group>";
		};
		D0BEF62628064C7B000125C7 /* Helpers */ = {
			isa = PBXGroup;
			children = (
				D0BEF62728064C88000125C7 /* FirebaseReference.swift */,
			);
			path = Helpers;
			sourceTree = "<group>";
		};
		D0DE9D9427D97DBA006D8279 /* Frameworks */ = {
			isa = PBXGroup;
			children = (
			);
			name = Frameworks;
			sourceTree = "<group>";
		};
/* End PBXGroup section */

/* Begin PBXNativeTarget section */
		D02473F327DABD8F00D663A4 /* KTriviaTests */ = {
			isa = PBXNativeTarget;
			buildConfigurationList = D02473FA27DABD8F00D663A4 /* Build configuration list for PBXNativeTarget "KTriviaTests" */;
			buildPhases = (
				D02473F027DABD8F00D663A4 /* Sources */,
				D02473F127DABD8F00D663A4 /* Frameworks */,
				D02473F227DABD8F00D663A4 /* Resources */,
			);
			buildRules = (
			);
			dependencies = (
				D02473F927DABD8F00D663A4 /* PBXTargetDependency */,
			);
			name = KTriviaTests;
			productName = KTriviaTests;
			productReference = D02473F427DABD8F00D663A4 /* KTriviaTests.xctest */;
			productType = "com.apple.product-type.bundle.unit-test";
		};
		D0A8838F27D8176200A18714 /* KTrivia */ = {
			isa = PBXNativeTarget;
			buildConfigurationList = D0A8839E27D8176300A18714 /* Build configuration list for PBXNativeTarget "KTrivia" */;
			buildPhases = (
				D0A8838C27D8176200A18714 /* Sources */,
				D0A8838D27D8176200A18714 /* Frameworks */,
				D0A8838E27D8176200A18714 /* Resources */,
			);
			buildRules = (
			);
			dependencies = (
			);
			name = KTrivia;
			packageProductDependencies = (
				D0A883B127D8318200A18714 /* FirebaseAuth */,
				D0A883B327D8318200A18714 /* FirebaseFirestore */,
				D0DE9D9527D97DBA006D8279 /* FirebaseFirestoreSwift-Beta */,
				D03D6A7527E278A00076C2A2 /* FirebaseDatabase */,
				D0C62230280B691200976CAF /* FirebaseStorage */,
				D09762E8280B84DF00426F75 /* SDWebImageSwiftUI */,
				D09762F1280F770A00426F75 /* FortuneWheel */,
			);
			productName = KTrivia;
			productReference = D0A8839027D8176200A18714 /* KTrivia.app */;
			productType = "com.apple.product-type.application";
		};
/* End PBXNativeTarget section */

/* Begin PBXProject section */
		D0A8838827D8176200A18714 /* Project object */ = {
			isa = PBXProject;
			attributes = {
				BuildIndependentTargetsInParallel = 1;
				LastSwiftUpdateCheck = 1320;
				LastUpgradeCheck = 1310;
				TargetAttributes = {
					D02473F327DABD8F00D663A4 = {
						CreatedOnToolsVersion = 13.2.1;
						LastSwiftMigration = 1320;
						TestTargetID = D0A8838F27D8176200A18714;
					};
					D0A8838F27D8176200A18714 = {
						CreatedOnToolsVersion = 13.1;
					};
				};
			};
			buildConfigurationList = D0A8838B27D8176200A18714 /* Build configuration list for PBXProject "KTrivia" */;
			compatibilityVersion = "Xcode 13.0";
			developmentRegion = en;
			hasScannedForEncodings = 0;
			knownRegions = (
				en,
				Base,
			);
			mainGroup = D0A8838727D8176200A18714;
			packageReferences = (
				D0A883AE27D8318200A18714 /* XCRemoteSwiftPackageReference "firebase-ios-sdk" */,
				D09762E7280B84DF00426F75 /* XCRemoteSwiftPackageReference "SDWebImageSwiftUI" */,
				D09762F0280F770A00426F75 /* XCRemoteSwiftPackageReference "FortuneWheel" */,
			);
			productRefGroup = D0A8839127D8176200A18714 /* Products */;
			projectDirPath = "";
			projectRoot = "";
			targets = (
				D0A8838F27D8176200A18714 /* KTrivia */,
				D02473F327DABD8F00D663A4 /* KTriviaTests */,
			);
		};
/* End PBXProject section */

/* Begin PBXResourcesBuildPhase section */
		D02473F227DABD8F00D663A4 /* Resources */ = {
			isa = PBXResourcesBuildPhase;
			buildActionMask = 2147483647;
			files = (
			);
			runOnlyForDeploymentPostprocessing = 0;
		};
		D0A8838E27D8176200A18714 /* Resources */ = {
			isa = PBXResourcesBuildPhase;
			buildActionMask = 2147483647;
			files = (
				D0A8839B27D8176300A18714 /* Preview Assets.xcassets in Resources */,
				D0A3C1C1280A63680067A4D0 /* LaunchScreen.storyboard in Resources */,
				D0A8839827D8176300A18714 /* Assets.xcassets in Resources */,
				D0A883AD27D8304E00A18714 /* GoogleService-Info.plist in Resources */,
			);
			runOnlyForDeploymentPostprocessing = 0;
		};
/* End PBXResourcesBuildPhase section */

/* Begin PBXSourcesBuildPhase section */
		D02473F027DABD8F00D663A4 /* Sources */ = {
			isa = PBXSourcesBuildPhase;
			buildActionMask = 2147483647;
			files = (
				D024740027DAC0F300D663A4 /* KTriviaTests.swift in Sources */,
				D014D8C527DBDDB600642A7E /* CategoryListViewModelTests.swift in Sources */,
				D014D8C327DBDD1800642A7E /* MockDataService.swift in Sources */,
			);
			runOnlyForDeploymentPostprocessing = 0;
		};
		D0A8838C27D8176200A18714 /* Sources */ = {
			isa = PBXSourcesBuildPhase;
			buildActionMask = 2147483647;
			files = (
				D03D6A9827E40D800076C2A2 /* SessionUserDetails.swift in Sources */,
				D03D6A9027E2C3590076C2A2 /* RegistrationDetails.swift in Sources */,
				D024740127DAC4E500D663A4 /* KTriviaApp.swift in Sources */,
				D0A883A627D817C700A18714 /* CategoryListViewModel.swift in Sources */,
				D03D6A7427E1911A0076C2A2 /* RootPresentationMode.swift in Sources */,
				D03D6A8B27E2B6160076C2A2 /* RegisterView.swift in Sources */,
				D03D6AA12801E9260076C2A2 /* LoginCredentials.swift in Sources */,
				D014D8D527DD273900642A7E /* ProgressBar.swift in Sources */,
				D0C6222F280B4E8600976CAF /* ImagePicker.swift in Sources */,
				D03D6A8D27E2B8A90076C2A2 /* CloseModifier.swift in Sources */,
				D03D6AA32801E9770076C2A2 /* LoginService.swift in Sources */,
				D03D6A8827E285AF0076C2A2 /* ButtonView.swift in Sources */,
				D03D6A9F2801E4450076C2A2 /* SignoutScreen.swift in Sources */,
				D09762F7280F78A000426F75 /* SpinWheelView.swift in Sources */,
				D014D8D827DD290400642A7E /* ResultsView.swift in Sources */,
				D014D8D227DD266200642A7E /* AnswerRow.swift in Sources */,
				D014D8DA27DD2AA500642A7E /* Answer.swift in Sources */,
				D014D8CC27DC0D5B00642A7E /* TriviaViewModel.swift in Sources */,
				D03D6A8627E2827C0076C2A2 /* InputPasswordView.swift in Sources */,
				D0A883A227D8179400A18714 /* CategoryListView.swift in Sources */,
				D0C6222D280B451D00976CAF /* Color+Extension.swift in Sources */,
				D09762EC280D13E400426F75 /* ProfilePictureView.swift in Sources */,
				D03D6AA52801EB3E0076C2A2 /* LoginViewModel.swift in Sources */,
				D03D6A9327E2C3DF0076C2A2 /* RegistrationService.swift in Sources */,
				D09762FB280FC7E600426F75 /* ScreenshotQuestionView.swift in Sources */,
				D0DE9D9827D9D01D006D8279 /* Array+Extensions.swift in Sources */,
				D09763012810983400426F75 /* ScreenshotView.swift in Sources */,
				D09762EE280DF1A900426F75 /* GameService.swift in Sources */,
				D03D6A7A27E27E1B0076C2A2 /* LoginView.swift in Sources */,
				D09762FD280FC7F300426F75 /* SongView.swift in Sources */,
				D0BEF62528051899000125C7 /* User.swift in Sources */,
				D0A883A827D8231400A18714 /* DataService.swift in Sources */,
				D03D6A9C2800EC510076C2A2 /* CategoryHeaderView.swift in Sources */,
				D03D6A9627E3F4D80076C2A2 /* RegistrationViewModel.swift in Sources */,
				D024740E27DAE42400D663A4 /* MultipleChoiceView.swift in Sources */,
				D0BEF62328051527000125C7 /* Game.swift in Sources */,
				D09762F9280F924F00426F75 /* SpinWheelViewModel.swift in Sources */,
				D0BEF62828064C88000125C7 /* FirebaseReference.swift in Sources */,
				D0A883B827D886F400A18714 /* Trivia.swift in Sources */,
				D03D6A9A27E40DDC0076C2A2 /* SessionService.swift in Sources */,
				D024740C27DADC7000D663A4 /* Title.swift in Sources */,
				D09762FF280FC80A00426F75 /* LyricsView.swift in Sources */,
				D03D6A8427E27F900076C2A2 /* InputTextFieldView.swift in Sources */,
			);
			runOnlyForDeploymentPostprocessing = 0;
		};
/* End PBXSourcesBuildPhase section */

/* Begin PBXTargetDependency section */
		D02473F927DABD8F00D663A4 /* PBXTargetDependency */ = {
			isa = PBXTargetDependency;
			target = D0A8838F27D8176200A18714 /* KTrivia */;
			targetProxy = D02473F827DABD8F00D663A4 /* PBXContainerItemProxy */;
		};
/* End PBXTargetDependency section */

/* Begin XCBuildConfiguration section */
		D02473FB27DABD8F00D663A4 /* Debug */ = {
			isa = XCBuildConfiguration;
			buildSettings = {
				BUNDLE_LOADER = "$(TEST_HOST)";
				CLANG_ENABLE_MODULES = YES;
				CODE_SIGN_STYLE = Automatic;
				CURRENT_PROJECT_VERSION = 1;
				DEVELOPMENT_TEAM = S7297N2DPU;
				ENABLE_TESTABILITY = YES;
				GCC_NO_COMMON_BLOCKS = YES;
				GENERATE_INFOPLIST_FILE = YES;
				IPHONEOS_DEPLOYMENT_TARGET = 15.2;
				LD_RUNPATH_SEARCH_PATHS = (
					"$(inherited)",
					"@executable_path/Frameworks",
					"@loader_path/Frameworks",
				);
				MARKETING_VERSION = 1.0;
				PRODUCT_BUNDLE_IDENTIFIER = com.alexis.KTriviaTests;
				PRODUCT_NAME = "$(TARGET_NAME)";
				SWIFT_EMIT_LOC_STRINGS = NO;
				SWIFT_OBJC_BRIDGING_HEADER = "KTriviaTests/KTriviaTests-Bridging-Header.h";
				SWIFT_OPTIMIZATION_LEVEL = "-Onone";
				SWIFT_VERSION = 5.0;
				TARGETED_DEVICE_FAMILY = "1,2";
				TEST_HOST = "$(BUILT_PRODUCTS_DIR)/KTrivia.app/KTrivia";
			};
			name = Debug;
		};
		D02473FC27DABD8F00D663A4 /* Release */ = {
			isa = XCBuildConfiguration;
			buildSettings = {
				BUNDLE_LOADER = "$(TEST_HOST)";
				CLANG_ENABLE_MODULES = YES;
				CODE_SIGN_STYLE = Automatic;
				CURRENT_PROJECT_VERSION = 1;
				DEVELOPMENT_TEAM = S7297N2DPU;
				GCC_NO_COMMON_BLOCKS = YES;
				GENERATE_INFOPLIST_FILE = YES;
				IPHONEOS_DEPLOYMENT_TARGET = 15.2;
				LD_RUNPATH_SEARCH_PATHS = (
					"$(inherited)",
					"@executable_path/Frameworks",
					"@loader_path/Frameworks",
				);
				MARKETING_VERSION = 1.0;
				PRODUCT_BUNDLE_IDENTIFIER = com.alexis.KTriviaTests;
				PRODUCT_NAME = "$(TARGET_NAME)";
				SWIFT_EMIT_LOC_STRINGS = NO;
				SWIFT_OBJC_BRIDGING_HEADER = "KTriviaTests/KTriviaTests-Bridging-Header.h";
				SWIFT_VERSION = 5.0;
				TARGETED_DEVICE_FAMILY = "1,2";
				TEST_HOST = "$(BUILT_PRODUCTS_DIR)/KTrivia.app/KTrivia";
			};
			name = Release;
		};
		D0A8839C27D8176300A18714 /* Debug */ = {
			isa = XCBuildConfiguration;
			buildSettings = {
				ALWAYS_SEARCH_USER_PATHS = NO;
				CLANG_ANALYZER_NONNULL = YES;
				CLANG_ANALYZER_NUMBER_OBJECT_CONVERSION = YES_AGGRESSIVE;
				CLANG_CXX_LANGUAGE_STANDARD = "gnu++17";
				CLANG_CXX_LIBRARY = "libc++";
				CLANG_ENABLE_MODULES = YES;
				CLANG_ENABLE_OBJC_ARC = YES;
				CLANG_ENABLE_OBJC_WEAK = YES;
				CLANG_WARN_BLOCK_CAPTURE_AUTORELEASING = YES;
				CLANG_WARN_BOOL_CONVERSION = YES;
				CLANG_WARN_COMMA = YES;
				CLANG_WARN_CONSTANT_CONVERSION = YES;
				CLANG_WARN_DEPRECATED_OBJC_IMPLEMENTATIONS = YES;
				CLANG_WARN_DIRECT_OBJC_ISA_USAGE = YES_ERROR;
				CLANG_WARN_DOCUMENTATION_COMMENTS = YES;
				CLANG_WARN_EMPTY_BODY = YES;
				CLANG_WARN_ENUM_CONVERSION = YES;
				CLANG_WARN_INFINITE_RECURSION = YES;
				CLANG_WARN_INT_CONVERSION = YES;
				CLANG_WARN_NON_LITERAL_NULL_CONVERSION = YES;
				CLANG_WARN_OBJC_IMPLICIT_RETAIN_SELF = YES;
				CLANG_WARN_OBJC_LITERAL_CONVERSION = YES;
				CLANG_WARN_OBJC_ROOT_CLASS = YES_ERROR;
				CLANG_WARN_QUOTED_INCLUDE_IN_FRAMEWORK_HEADER = YES;
				CLANG_WARN_RANGE_LOOP_ANALYSIS = YES;
				CLANG_WARN_STRICT_PROTOTYPES = YES;
				CLANG_WARN_SUSPICIOUS_MOVE = YES;
				CLANG_WARN_UNGUARDED_AVAILABILITY = YES_AGGRESSIVE;
				CLANG_WARN_UNREACHABLE_CODE = YES;
				CLANG_WARN__DUPLICATE_METHOD_MATCH = YES;
				COPY_PHASE_STRIP = NO;
				DEBUG_INFORMATION_FORMAT = dwarf;
				ENABLE_STRICT_OBJC_MSGSEND = YES;
				ENABLE_TESTABILITY = YES;
				EXCLUDED_ARCHS = "";
				GCC_C_LANGUAGE_STANDARD = gnu11;
				GCC_DYNAMIC_NO_PIC = NO;
				GCC_NO_COMMON_BLOCKS = NO;
				GCC_OPTIMIZATION_LEVEL = 0;
				GCC_PREPROCESSOR_DEFINITIONS = (
					"DEBUG=1",
					"$(inherited)",
				);
				GCC_WARN_64_TO_32_BIT_CONVERSION = YES;
				GCC_WARN_ABOUT_RETURN_TYPE = YES_ERROR;
				GCC_WARN_UNDECLARED_SELECTOR = YES;
				GCC_WARN_UNINITIALIZED_AUTOS = YES_AGGRESSIVE;
				GCC_WARN_UNUSED_FUNCTION = YES;
				GCC_WARN_UNUSED_VARIABLE = YES;
				IPHONEOS_DEPLOYMENT_TARGET = 15.0;
				MTL_ENABLE_DEBUG_INFO = INCLUDE_SOURCE;
				MTL_FAST_MATH = YES;
				ONLY_ACTIVE_ARCH = YES;
				SDKROOT = iphoneos;
				SWIFT_ACTIVE_COMPILATION_CONDITIONS = DEBUG;
				SWIFT_OPTIMIZATION_LEVEL = "-Onone";
			};
			name = Debug;
		};
		D0A8839D27D8176300A18714 /* Release */ = {
			isa = XCBuildConfiguration;
			buildSettings = {
				ALWAYS_SEARCH_USER_PATHS = NO;
				CLANG_ANALYZER_NONNULL = YES;
				CLANG_ANALYZER_NUMBER_OBJECT_CONVERSION = YES_AGGRESSIVE;
				CLANG_CXX_LANGUAGE_STANDARD = "gnu++17";
				CLANG_CXX_LIBRARY = "libc++";
				CLANG_ENABLE_MODULES = YES;
				CLANG_ENABLE_OBJC_ARC = YES;
				CLANG_ENABLE_OBJC_WEAK = YES;
				CLANG_WARN_BLOCK_CAPTURE_AUTORELEASING = YES;
				CLANG_WARN_BOOL_CONVERSION = YES;
				CLANG_WARN_COMMA = YES;
				CLANG_WARN_CONSTANT_CONVERSION = YES;
				CLANG_WARN_DEPRECATED_OBJC_IMPLEMENTATIONS = YES;
				CLANG_WARN_DIRECT_OBJC_ISA_USAGE = YES_ERROR;
				CLANG_WARN_DOCUMENTATION_COMMENTS = YES;
				CLANG_WARN_EMPTY_BODY = YES;
				CLANG_WARN_ENUM_CONVERSION = YES;
				CLANG_WARN_INFINITE_RECURSION = YES;
				CLANG_WARN_INT_CONVERSION = YES;
				CLANG_WARN_NON_LITERAL_NULL_CONVERSION = YES;
				CLANG_WARN_OBJC_IMPLICIT_RETAIN_SELF = YES;
				CLANG_WARN_OBJC_LITERAL_CONVERSION = YES;
				CLANG_WARN_OBJC_ROOT_CLASS = YES_ERROR;
				CLANG_WARN_QUOTED_INCLUDE_IN_FRAMEWORK_HEADER = YES;
				CLANG_WARN_RANGE_LOOP_ANALYSIS = YES;
				CLANG_WARN_STRICT_PROTOTYPES = YES;
				CLANG_WARN_SUSPICIOUS_MOVE = YES;
				CLANG_WARN_UNGUARDED_AVAILABILITY = YES_AGGRESSIVE;
				CLANG_WARN_UNREACHABLE_CODE = YES;
				CLANG_WARN__DUPLICATE_METHOD_MATCH = YES;
				COPY_PHASE_STRIP = NO;
				DEBUG_INFORMATION_FORMAT = "dwarf-with-dsym";
				ENABLE_NS_ASSERTIONS = NO;
				ENABLE_STRICT_OBJC_MSGSEND = YES;
				ENABLE_TESTABILITY = YES;
				EXCLUDED_ARCHS = "";
				GCC_C_LANGUAGE_STANDARD = gnu11;
				GCC_NO_COMMON_BLOCKS = NO;
				GCC_WARN_64_TO_32_BIT_CONVERSION = YES;
				GCC_WARN_ABOUT_RETURN_TYPE = YES_ERROR;
				GCC_WARN_UNDECLARED_SELECTOR = YES;
				GCC_WARN_UNINITIALIZED_AUTOS = YES_AGGRESSIVE;
				GCC_WARN_UNUSED_FUNCTION = YES;
				GCC_WARN_UNUSED_VARIABLE = YES;
				IPHONEOS_DEPLOYMENT_TARGET = 15.0;
				MTL_ENABLE_DEBUG_INFO = NO;
				MTL_FAST_MATH = YES;
				SDKROOT = iphoneos;
				SWIFT_COMPILATION_MODE = wholemodule;
				SWIFT_OPTIMIZATION_LEVEL = "-O";
				VALIDATE_PRODUCT = YES;
			};
			name = Release;
		};
		D0A8839F27D8176300A18714 /* Debug */ = {
			isa = XCBuildConfiguration;
			buildSettings = {
				ASSETCATALOG_COMPILER_APPICON_NAME = AppIcon;
				ASSETCATALOG_COMPILER_GLOBAL_ACCENT_COLOR_NAME = AccentColor;
				CODE_SIGN_STYLE = Automatic;
				CURRENT_PROJECT_VERSION = 1;
				DEVELOPMENT_ASSET_PATHS = "\"KTrivia/Preview Content\"";
				DEVELOPMENT_TEAM = S7297N2DPU;
				ENABLE_PREVIEWS = YES;
				GENERATE_INFOPLIST_FILE = YES;
				INFOPLIST_KEY_UIApplicationSceneManifest_Generation = YES;
				INFOPLIST_KEY_UIApplicationSupportsIndirectInputEvents = YES;
				INFOPLIST_KEY_UILaunchScreen_Generation = YES;
				INFOPLIST_KEY_UILaunchStoryboardName = LaunchScreen;
				INFOPLIST_KEY_UISupportedInterfaceOrientations_iPad = "UIInterfaceOrientationPortrait UIInterfaceOrientationPortraitUpsideDown UIInterfaceOrientationLandscapeLeft UIInterfaceOrientationLandscapeRight";
				INFOPLIST_KEY_UISupportedInterfaceOrientations_iPhone = "UIInterfaceOrientationPortrait UIInterfaceOrientationLandscapeLeft UIInterfaceOrientationLandscapeRight";
				LD_RUNPATH_SEARCH_PATHS = (
					"$(inherited)",
					"@executable_path/Frameworks",
				);
				MARKETING_VERSION = 1.0;
				PRODUCT_BUNDLE_IDENTIFIER = com.alexis.KTrivia;
				PRODUCT_NAME = "$(TARGET_NAME)";
				SWIFT_EMIT_LOC_STRINGS = YES;
				SWIFT_VERSION = 5.0;
				TARGETED_DEVICE_FAMILY = "1,2";
			};
			name = Debug;
		};
		D0A883A027D8176300A18714 /* Release */ = {
			isa = XCBuildConfiguration;
			buildSettings = {
				ASSETCATALOG_COMPILER_APPICON_NAME = AppIcon;
				ASSETCATALOG_COMPILER_GLOBAL_ACCENT_COLOR_NAME = AccentColor;
				CODE_SIGN_STYLE = Automatic;
				CURRENT_PROJECT_VERSION = 1;
				DEVELOPMENT_ASSET_PATHS = "\"KTrivia/Preview Content\"";
				DEVELOPMENT_TEAM = S7297N2DPU;
				ENABLE_PREVIEWS = YES;
				GENERATE_INFOPLIST_FILE = YES;
				INFOPLIST_KEY_UIApplicationSceneManifest_Generation = YES;
				INFOPLIST_KEY_UIApplicationSupportsIndirectInputEvents = YES;
				INFOPLIST_KEY_UILaunchScreen_Generation = YES;
				INFOPLIST_KEY_UILaunchStoryboardName = LaunchScreen;
				INFOPLIST_KEY_UISupportedInterfaceOrientations_iPad = "UIInterfaceOrientationPortrait UIInterfaceOrientationPortraitUpsideDown UIInterfaceOrientationLandscapeLeft UIInterfaceOrientationLandscapeRight";
				INFOPLIST_KEY_UISupportedInterfaceOrientations_iPhone = "UIInterfaceOrientationPortrait UIInterfaceOrientationLandscapeLeft UIInterfaceOrientationLandscapeRight";
				LD_RUNPATH_SEARCH_PATHS = (
					"$(inherited)",
					"@executable_path/Frameworks",
				);
				MARKETING_VERSION = 1.0;
				PRODUCT_BUNDLE_IDENTIFIER = com.alexis.KTrivia;
				PRODUCT_NAME = "$(TARGET_NAME)";
				SWIFT_EMIT_LOC_STRINGS = YES;
				SWIFT_VERSION = 5.0;
				TARGETED_DEVICE_FAMILY = "1,2";
			};
			name = Release;
		};
/* End XCBuildConfiguration section */

/* Begin XCConfigurationList section */
		D02473FA27DABD8F00D663A4 /* Build configuration list for PBXNativeTarget "KTriviaTests" */ = {
			isa = XCConfigurationList;
			buildConfigurations = (
				D02473FB27DABD8F00D663A4 /* Debug */,
				D02473FC27DABD8F00D663A4 /* Release */,
			);
			defaultConfigurationIsVisible = 0;
			defaultConfigurationName = Release;
		};
		D0A8838B27D8176200A18714 /* Build configuration list for PBXProject "KTrivia" */ = {
			isa = XCConfigurationList;
			buildConfigurations = (
				D0A8839C27D8176300A18714 /* Debug */,
				D0A8839D27D8176300A18714 /* Release */,
			);
			defaultConfigurationIsVisible = 0;
			defaultConfigurationName = Release;
		};
		D0A8839E27D8176300A18714 /* Build configuration list for PBXNativeTarget "KTrivia" */ = {
			isa = XCConfigurationList;
			buildConfigurations = (
				D0A8839F27D8176300A18714 /* Debug */,
				D0A883A027D8176300A18714 /* Release */,
			);
			defaultConfigurationIsVisible = 0;
			defaultConfigurationName = Release;
		};
/* End XCConfigurationList section */

/* Begin XCRemoteSwiftPackageReference section */
		D09762E7280B84DF00426F75 /* XCRemoteSwiftPackageReference "SDWebImageSwiftUI" */ = {
			isa = XCRemoteSwiftPackageReference;
			repositoryURL = "https://github.com/SDWebImage/SDWebImageSwiftUI";
			requirement = {
				kind = upToNextMajorVersion;
				minimumVersion = 2.0.0;
			};
		};
		D09762F0280F770A00426F75 /* XCRemoteSwiftPackageReference "FortuneWheel" */ = {
			isa = XCRemoteSwiftPackageReference;
			repositoryURL = "https://github.com/sameersyd/FortuneWheel.git";
			requirement = {
				kind = upToNextMajorVersion;
				minimumVersion = 0.1.4;
			};
		};
		D0A883AE27D8318200A18714 /* XCRemoteSwiftPackageReference "firebase-ios-sdk" */ = {
			isa = XCRemoteSwiftPackageReference;
			repositoryURL = "https://github.com/firebase/firebase-ios-sdk";
			requirement = {
				kind = upToNextMajorVersion;
				minimumVersion = 8.0.0;
			};
		};
/* End XCRemoteSwiftPackageReference section */

/* Begin XCSwiftPackageProductDependency section */
		D03D6A7527E278A00076C2A2 /* FirebaseDatabase */ = {
			isa = XCSwiftPackageProductDependency;
			package = D0A883AE27D8318200A18714 /* XCRemoteSwiftPackageReference "firebase-ios-sdk" */;
			productName = FirebaseDatabase;
		};
		D09762E8280B84DF00426F75 /* SDWebImageSwiftUI */ = {
			isa = XCSwiftPackageProductDependency;
			package = D09762E7280B84DF00426F75 /* XCRemoteSwiftPackageReference "SDWebImageSwiftUI" */;
			productName = SDWebImageSwiftUI;
		};
		D09762F1280F770A00426F75 /* FortuneWheel */ = {
			isa = XCSwiftPackageProductDependency;
			package = D09762F0280F770A00426F75 /* XCRemoteSwiftPackageReference "FortuneWheel" */;
			productName = FortuneWheel;
		};
		D0A883B127D8318200A18714 /* FirebaseAuth */ = {
			isa = XCSwiftPackageProductDependency;
			package = D0A883AE27D8318200A18714 /* XCRemoteSwiftPackageReference "firebase-ios-sdk" */;
			productName = FirebaseAuth;
		};
		D0A883B327D8318200A18714 /* FirebaseFirestore */ = {
			isa = XCSwiftPackageProductDependency;
			package = D0A883AE27D8318200A18714 /* XCRemoteSwiftPackageReference "firebase-ios-sdk" */;
			productName = FirebaseFirestore;
		};
		D0C62230280B691200976CAF /* FirebaseStorage */ = {
			isa = XCSwiftPackageProductDependency;
			package = D0A883AE27D8318200A18714 /* XCRemoteSwiftPackageReference "firebase-ios-sdk" */;
			productName = FirebaseStorage;
		};
		D0DE9D9527D97DBA006D8279 /* FirebaseFirestoreSwift-Beta */ = {
			isa = XCSwiftPackageProductDependency;
			package = D0A883AE27D8318200A18714 /* XCRemoteSwiftPackageReference "firebase-ios-sdk" */;
			productName = "FirebaseFirestoreSwift-Beta";
		};
/* End XCSwiftPackageProductDependency section */
	};
	rootObject = D0A8838827D8176200A18714 /* Project object */;
}
